dependencies:
- name: kube-prometheus-stack
  repository: oci://ghcr.io/prometheus-community/charts
  version: 91.4.0
- name: prometheus-blackbox-exporter
  repository: oci://ghcr.io/prometheus-community/charts
  version: 11.18.0
digest: sha256:31ca99b0e9e5a45f0981ea1cc245c9dfed179a87c6caf0d211b8ae84f467d865
generated: "2026-09-15T13:31:17.522781797Z"
